<?xml version="1.0" encoding="utf-8"?>
<Project ToolsVersion="4.0" xmlns="http://schemas.microsoft.com/developer/msbuild/2003">
  <ItemGroup>
    <Filter Include="ソース ファイル">
      <UniqueIdentifier>{4FC737F1-C7A5-4376-A066-2A32D752A2FF}</UniqueIdentifier>
      <Extensions>cpp;c;cc;cxx;def;odl;idl;hpj;bat;asm;asmx</Extensions>
    </Filter>
    <Filter Include="ヘッダー ファイル">
      <UniqueIdentifier>{93995380-89BD-4b04-88EB-625FBE52EBFB}</UniqueIdentifier>
      <Extensions>h;hh;hpp;hxx;hm;inl;inc;ipp;xsd</Extensions>
    </Filter>
    <Filter Include="リソース ファイル">
      <UniqueIdentifier>{67DA6AB6-F800-4c08-8B7A-83BB121AAD01}</UniqueIdentifier>
      <Extensions>rc;ico;cur;bmp;dlg;rc2;rct;bin;rgs;gif;jpg;jpeg;jpe;resx;tiff;tif;png;wav;mfcribbon-ms</Extensions>
    </Filter>
    <Filter Include="YSEngine">
      <UniqueIdentifier>{e03c85ea-8809-4655-944d-f84c9909d505}</UniqueIdentifier>
    </Filter>
    <Filter Include="RunTime">
      <UniqueIdentifier>{d696c628-fa8b-4d55-9e79-8c31f5068cf7}</UniqueIdentifier>
    </Filter>
    <Filter Include="Scenes">
      <UniqueIdentifier>{7293bb79-f128-415d-9143-033697835ee0}</UniqueIdentifier>
    </Filter>
    <Filter Include="Base">
      <UniqueIdentifier>{8848932f-148d-49bc-b2ef-2b45d0766818}</UniqueIdentifier>
    </Filter>
  </ItemGroup>
  <ItemGroup>
    <ClInclude Include="..\YSEngine\GameTimer.h">
      <Filter>YSEngine</Filter>
    </ClInclude>
    <ClInclude Include="..\YSEngine\Input.h">
      <Filter>YSEngine</Filter>
    </ClInclude>
    <ClInclude Include="..\YSEngine\Math.h">
      <Filter>YSEngine</Filter>
    </ClInclude>
    <ClInclude Include="..\YSEngine\YSConsoleGameEngine.h">
      <Filter>YSEngine</Filter>
    </ClInclude>
    <ClInclude Include="..\YSEngine\ConsoleManager.h">
      <Filter>YSEngine</Filter>
    </ClInclude>
    <ClInclude Include="..\YSEngine\FileLoader.h">
      <Filter>YSEngine</Filter>
    </ClInclude>
    <ClInclude Include="BaseSprite.h">
      <Filter>Base</Filter>
    </ClInclude>
    <ClInclude Include="Game.h">
      <Filter>RunTime</Filter>
    </ClInclude>
    <ClInclude Include="Player.h">
      <Filter>Scenes</Filter>
    </ClInclude>
    <ClInclude Include="GreenSoulAbs.h">
      <Filter>Scenes</Filter>
    </ClInclude>
    <ClInclude Include="BlueSoulAbs.h">
      <Filter>Scenes</Filter>
    </ClInclude>
    <ClInclude Include="RedSoulAbs.h">
      <Filter>Scenes</Filter>
    </ClInclude>
    <ClInclude Include="BaseScene.h">
      <Filter>Base</Filter>
    </ClInclude>
  </ItemGroup>
  <ItemGroup>
    <ClCompile Include="..\YSEngine\Input.cpp">
      <Filter>YSEngine</Filter>
    </ClCompile>
    <ClCompile Include="..\YSEngine\Math.cpp">
      <Filter>YSEngine</Filter>
    </ClCompile>
    <ClCompile Include="..\YSEngine\ConsoleManager.cpp">
      <Filter>YSEngine</Filter>
    </ClCompile>
    <ClCompile Include="..\YSEngine\FileLoader.cpp">
      <Filter>YSEngine</Filter>
    </ClCompile>
    <ClCompile Include="..\YSEngine\GameTimer.cpp">
      <Filter>YSEngine</Filter>
    </ClCompile>
    <ClCompile Include="BaseScene.cpp">
      <Filter>Base</Filter>
    </ClCompile>
    <ClCompile Include="BaseSprite.cpp">
      <Filter>Base</Filter>
    </ClCompile>
    <ClCompile Include="main.cpp">
      <Filter>RunTime</Filter>
    </ClCompile>
    <ClCompile Include="Game.cpp">
      <Filter>RunTime</Filter>
    </ClCompile>
    <ClCompile Include="Player.cpp">
      <Filter>Scenes</Filter>
    </ClCompile>
    <ClCompile Include="GreenSoulAbs.cpp">
      <Filter>Scenes</Filter>
    </ClCompile>
    <ClCompile Include="BlueSoulAbs.cpp">
      <Filter>Scenes</Filter>
    </ClCompile>
    <ClCompile Include="RedSoulAbs.cpp">
      <Filter>Scenes</Filter>
    </ClCompile>
  </ItemGroup>
</Project>